
Microsoft Visual Studio Solution File, Format Version 12.00
# Visual Studio Version 16
VisualStudioVersion = 16.0.31702.278
MinimumVisualStudioVersion = 10.0.40219.1
Project("{FAE04EC0-301F-11D3-BF4B-00C04F79EFBC}") = "cagrimerkezi", "cagrimerkezi.csproj", "{064A1C36-A2FE-45C0-849D-07191894427B}"
EndProject
Global
	GlobalSection(SolutionConfigurationPlatforms) = preSolution
		Debug|Any CPU = Debug|Any CPU
		Release|Any CPU = Release|Any CPU
	EndGlobalSection
	GlobalSection(ProjectConfigurationPlatforms) = postSolution
		{064A1C36-A2FE-45C0-849D-07191894427B}.Debug|Any CPU.ActiveCfg = Debug|Any CPU
		{064A1C36-A2FE-45C0-849D-07191894427B}.Debug|Any CPU.Build.0 = Debug|Any CPU
		{064A1C36-A2FE-45C0-849D-07191894427B}.Release|Any CPU.ActiveCfg = Release|Any CPU
		{064A1C36-A2FE-45C0-849D-07191894427B}.Release|Any CPU.Build.0 = Release|Any CPU
	EndGlobalSection
	GlobalSection(SolutionProperties) = preSolution
		HideSolutionNode = FALSE
	EndGlobalSection
	GlobalSection(ExtensibilityGlobals) = postSolution
		SolutionGuid = {4E3F3043-EAD4-482E-8153-AB4A301FCD95}
	EndGlobalSection
EndGlobal
